
Microsoft Visual Studio Solution File, Format Version 12.00
# Visual Studio Version 17
VisualStudioVersion = 17.7.34031.279
MinimumVisualStudioVersion = 10.0.40219.1
Project("{9A19103F-16F7-4668-BE54-9A1E7A4F7556}") = "BuildingManager", "BuildingManager\BuildingManager.csproj", "{DFFFBADA-D4EC-48B6-82FD-790460FCB52C}"
EndProject
Project("{9A19103F-16F7-4668-BE54-9A1E7A4F7556}") = "Services", "Services\Services.csproj", "{89A3CD77-A1A5-4D57-BD34-4BA2FA426702}"
EndProject
Project("{9A19103F-16F7-4668-BE54-9A1E7A4F7556}") = "Data", "Data\Data.csproj", "{93595A3F-5FCD-4B0A-B65F-839B6968F1F3}"
EndProject
Project("{FAE04EC0-301F-11D3-BF4B-00C04F79EFBC}") = "Domain", "Domain\Domain.csproj", "{6D27E874-9E79-43AA-9122-234B4B5963E2}"
EndProject
Global
	GlobalSection(SolutionConfigurationPlatforms) = preSolution
		Debug|Any CPU = Debug|Any CPU
		Release|Any CPU = Release|Any CPU
	EndGlobalSection
	GlobalSection(ProjectConfigurationPlatforms) = postSolution
		{DFFFBADA-D4EC-48B6-82FD-790460FCB52C}.Debug|Any CPU.ActiveCfg = Debug|Any CPU
		{DFFFBADA-D4EC-48B6-82FD-790460FCB52C}.Debug|Any CPU.Build.0 = Debug|Any CPU
		{DFFFBADA-D4EC-48B6-82FD-790460FCB52C}.Release|Any CPU.ActiveCfg = Release|Any CPU
		{DFFFBADA-D4EC-48B6-82FD-790460FCB52C}.Release|Any CPU.Build.0 = Release|Any CPU
		{89A3CD77-A1A5-4D57-BD34-4BA2FA426702}.Debug|Any CPU.ActiveCfg = Debug|Any CPU
		{89A3CD77-A1A5-4D57-BD34-4BA2FA426702}.Debug|Any CPU.Build.0 = Debug|Any CPU
		{89A3CD77-A1A5-4D57-BD34-4BA2FA426702}.Release|Any CPU.ActiveCfg = Release|Any CPU
		{89A3CD77-A1A5-4D57-BD34-4BA2FA426702}.Release|Any CPU.Build.0 = Release|Any CPU
		{93595A3F-5FCD-4B0A-B65F-839B6968F1F3}.Debug|Any CPU.ActiveCfg = Debug|Any CPU
		{93595A3F-5FCD-4B0A-B65F-839B6968F1F3}.Debug|Any CPU.Build.0 = Debug|Any CPU
		{93595A3F-5FCD-4B0A-B65F-839B6968F1F3}.Release|Any CPU.ActiveCfg = Release|Any CPU
		{93595A3F-5FCD-4B0A-B65F-839B6968F1F3}.Release|Any CPU.Build.0 = Release|Any CPU
		{6D27E874-9E79-43AA-9122-234B4B5963E2}.Debug|Any CPU.ActiveCfg = Debug|Any CPU
		{6D27E874-9E79-43AA-9122-234B4B5963E2}.Debug|Any CPU.Build.0 = Debug|Any CPU
		{6D27E874-9E79-43AA-9122-234B4B5963E2}.Release|Any CPU.ActiveCfg = Release|Any CPU
		{6D27E874-9E79-43AA-9122-234B4B5963E2}.Release|Any CPU.Build.0 = Release|Any CPU
	EndGlobalSection
	GlobalSection(SolutionProperties) = preSolution
		HideSolutionNode = FALSE
	EndGlobalSection
	GlobalSection(ExtensibilityGlobals) = postSolution
		SolutionGuid = {C52197BB-6029-4A53-9149-BABA447A19C5}
	EndGlobalSection
EndGlobal
